
Microsoft Visual Studio Solution File, Format Version 12.00
# Visual Studio 15
VisualStudioVersion = 15.0.26430.6
MinimumVisualStudioVersion = 10.0.40219.1
Project("{FAE04EC0-301F-11D3-BF4B-00C04F79EFBC}") = "SudokuSolver", "SudokuSolver\SudokuSolver.csproj", "{850ADC60-88E3-4834-9CE4-B6EC8714564A}"
EndProject
Global
	GlobalSection(SolutionConfigurationPlatforms) = preSolution
		Debug|Any CPU = Debug|Any CPU
		Release|Any CPU = Release|Any CPU
	EndGlobalSection
	GlobalSection(ProjectConfigurationPlatforms) = postSolution
		{850ADC60-88E3-4834-9CE4-B6EC8714564A}.Debug|Any CPU.ActiveCfg = Debug|Any CPU
		{850ADC60-88E3-4834-9CE4-B6EC8714564A}.Debug|Any CPU.Build.0 = Debug|Any CPU
		{850ADC60-88E3-4834-9CE4-B6EC8714564A}.Release|Any CPU.ActiveCfg = Release|Any CPU
		{850ADC60-88E3-4834-9CE4-B6EC8714564A}.Release|Any CPU.Build.0 = Release|Any CPU
	EndGlobalSection
	GlobalSection(SolutionProperties) = preSolution
		HideSolutionNode = FALSE
	EndGlobalSection
EndGlobal
